{
  "name": "ra-data-spring-rest",
  "version": "1.0.0",
  "lockfileVersion": 1,
  "requires": true,
  "dependencies": {
    "@babel/runtime": {
      "version": "7.8.7",
      "resolved": "https://registry.npm.taobao.org/@babel/runtime/download/@babel/runtime-7.8.7.tgz",
      "integrity": "sha1-j+/OmALbVIgbpZ+Quyhxm0mWMk0=",
      "requires": {
        "regenerator-runtime": "^0.13.4"
      }
    },
    "@emotion/hash": {
      "version": "0.8.0",
      "resolved": "https://registry.npm.taobao.org/@emotion/hash/download/@emotion/hash-0.8.0.tgz",
      "integrity": "sha1-u7/2iXj+/b5ozLUzvIy+HRr7VBM="
    },
    "@jest/types": {
      "version": "24.9.0",
      "resolved": "https://registry.npm.taobao.org/@jest/types/download/@jest/types-24.9.0.tgz?cache=0&sync_timestamp=1579655108380&other_urls=https%3A%2F%2Fregistry.npm.taobao.org%2F%40jest%2Ftypes%2Fdownload%2F%40jest%2Ftypes-24.9.0.tgz",
      "integrity": "sha1-Y8smy3UA0Gnlo4lEGnxqtekJ/Fk=",
      "requires": {
        "@types/istanbul-lib-coverage": "^2.0.0",
        "@types/istanbul-reports": "^1.1.1",
        "@types/yargs": "^13.0.0"
      }
    },
    "@material-ui/core": {
      "version": "4.9.6",
      "resolved": "https://registry.npm.taobao.org/@material-ui/core/download/@material-ui/core-4.9.6.tgz",
      "integrity": "sha1-I0/fZWGBRDMF/IQTPa8qZiLIzO8=",
      "requires": {
        "@babel/runtime": "^7.4.4",
        "@material-ui/styles": "^4.9.0",
        "@material-ui/system": "^4.9.3",
        "@material-ui/types": "^5.0.0",
        "@material-ui/utils": "^4.9.6",
        "@types/react-transition-group": "^4.2.0",
        "clsx": "^1.0.2",
        "hoist-non-react-statics": "^3.3.2",
        "popper.js": "^1.14.1",
        "prop-types": "^15.7.2",
        "react-is": "^16.8.0",
        "react-transition-group": "^4.3.0"
      }
    },
    "@material-ui/icons": {
      "version": "4.9.1",
      "resolved": "https://registry.npm.taobao.org/@material-ui/icons/download/@material-ui/icons-4.9.1.tgz",
      "integrity": "sha1-/erfjLPYkgiUWzPbxQx8YW0L1mU=",
      "requires": {
        "@babel/runtime": "^7.4.4"
      }
    },
    "@material-ui/styles": {
      "version": "4.9.6",
      "resolved": "https://registry.npm.taobao.org/@material-ui/styles/download/@material-ui/styles-4.9.6.tgz",
      "integrity": "sha1-kkowv3ybka+cjxnBLIVzuKTs0IU=",
      "requires": {
        "@babel/runtime": "^7.4.4",
        "@emotion/hash": "^0.8.0",
        "@material-ui/types": "^5.0.0",
        "@material-ui/utils": "^4.9.6",
        "clsx": "^1.0.2",
        "csstype": "^2.5.2",
        "hoist-non-react-statics": "^3.3.2",
        "jss": "^10.0.3",
        "jss-plugin-camel-case": "^10.0.3",
        "jss-plugin-default-unit": "^10.0.3",
        "jss-plugin-global": "^10.0.3",
        "jss-plugin-nested": "^10.0.3",
        "jss-plugin-props-sort": "^10.0.3",
        "jss-plugin-rule-value-function": "^10.0.3",
        "jss-plugin-vendor-prefixer": "^10.0.3",
        "prop-types": "^15.7.2"
      }
    },
    "@material-ui/system": {
      "version": "4.9.6",
      "resolved": "https://registry.npm.taobao.org/@material-ui/system/download/@material-ui/system-4.9.6.tgz",
      "integrity": "sha1-/QYFQCJNpNF0DajKbnryiOIXcX4=",
      "requires": {
        "@babel/runtime": "^7.4.4",
        "@material-ui/utils": "^4.9.6",
        "prop-types": "^15.7.2"
      }
    },
    "@material-ui/types": {
      "version": "5.0.0",
      "resolved": "https://registry.npm.taobao.org/@material-ui/types/download/@material-ui/types-5.0.0.tgz",
      "integrity": "sha1-JtYlncazn0wuHprO/3oR4DGUF0E="
    },
    "@material-ui/utils": {
      "version": "4.9.6",
      "resolved": "https://registry.npm.taobao.org/@material-ui/utils/download/@material-ui/utils-4.9.6.tgz",
      "integrity": "sha1-Xx+fbk35yLaiYyk7aMlINCSP8Vc=",
      "requires": {
        "@babel/runtime": "^7.4.4",
        "prop-types": "^15.7.2",
        "react-is": "^16.8.0"
      }
    },
    "@redux-saga/core": {
      "version": "1.1.3",
      "resolved": "https://registry.npm.taobao.org/@redux-saga/core/download/@redux-saga/core-1.1.3.tgz",
      "integrity": "sha1-MIUJe1ek6o21Uo1YZz8gzglQ9qQ=",
      "requires": {
        "@babel/runtime": "^7.6.3",
        "@redux-saga/deferred": "^1.1.2",
        "@redux-saga/delay-p": "^1.1.2",
        "@redux-saga/is": "^1.1.2",
        "@redux-saga/symbols": "^1.1.2",
        "@redux-saga/types": "^1.1.0",
        "redux": "^4.0.4",
        "typescript-tuple": "^2.2.1"
      }
    },
    "@redux-saga/deferred": {
      "version": "1.1.2",
      "resolved": "https://registry.npm.taobao.org/@redux-saga/deferred/download/@redux-saga/deferred-1.1.2.tgz",
      "integrity": "sha1-WZN6Drpx//KJ8TECM7xRgRenGIg="
    },
    "@redux-saga/delay-p": {
      "version": "1.1.2",
      "resolved": "https://registry.npm.taobao.org/@redux-saga/delay-p/download/@redux-saga/delay-p-1.1.2.tgz",
      "integrity": "sha1-j1FfSwCbBbAqN6fD0Mqd3BV7s1U=",
      "requires": {
        "@redux-saga/symbols": "^1.1.2"
      }
    },
    "@redux-saga/is": {
      "version": "1.1.2",
      "resolved": "https://registry.npm.taobao.org/@redux-saga/is/download/@redux-saga/is-1.1.2.tgz",
      "integrity": "sha1-rmyEIfWPy6gPr3ytt9ZbMDuX5Y4=",
      "requires": {
        "@redux-saga/symbols": "^1.1.2",
        "@redux-saga/types": "^1.1.0"
      }
    },
    "@redux-saga/symbols": {
      "version": "1.1.2",
      "resolved": "https://registry.npm.taobao.org/@redux-saga/symbols/download/@redux-saga/symbols-1.1.2.tgz",
      "integrity": "sha1-IWpnKkh/wlaHK4A0g1r8IqLQWV0="
    },
    "@redux-saga/types": {
      "version": "1.1.0",
      "resolved": "https://registry.npm.taobao.org/@redux-saga/types/download/@redux-saga/types-1.1.0.tgz",
      "integrity": "sha1-DoHOVrSIO0sqMAHr4aspi4QjcgQ="
    },
    "@sheerun/mutationobserver-shim": {
      "version": "0.3.3",
      "resolved": "https://registry.npm.taobao.org/@sheerun/mutationobserver-shim/download/@sheerun/mutationobserver-shim-0.3.3.tgz",
      "integrity": "sha1-VAXujkRO0hLbROeTUfDHClgqriU="
    },
    "@testing-library/dom": {
      "version": "5.6.1",
      "resolved": "https://registry.npm.taobao.org/@testing-library/dom/download/@testing-library/dom-5.6.1.tgz",
      "integrity": "sha1-cFoctKA5uHfB5p6RaCQDjoN6tjc=",
      "requires": {
        "@babel/runtime": "^7.5.5",
        "@sheerun/mutationobserver-shim": "^0.3.2",
        "aria-query": "3.0.0",
        "pretty-format": "^24.8.0",
        "wait-for-expect": "^1.2.0"
      }
    },
    "@testing-library/react": {
      "version": "8.0.9",
      "resolved": "https://registry.npm.taobao.org/@testing-library/react/download/@testing-library/react-8.0.9.tgz?cache=0&sync_timestamp=1584106357168&other_urls=https%3A%2F%2Fregistry.npm.taobao.org%2F%40testing-library%2Freact%2Fdownload%2F%40testing-library%2Freact-8.0.9.tgz",
      "integrity": "sha1-Hs2WvDRxsG3S+XY7blOnrOKKVKI=",
      "requires": {
        "@babel/runtime": "^7.5.5",
        "@testing-library/dom": "^5.6.1"
      }
    },
    "@types/istanbul-lib-coverage": {
      "version": "2.0.1",
      "resolved": "https://registry.npm.taobao.org/@types/istanbul-lib-coverage/download/@types/istanbul-lib-coverage-2.0.1.tgz",
      "integrity": "sha1-QplbRG25pIoRoH7Ag0mahg6ROP8="
    },
    "@types/istanbul-lib-report": {
      "version": "3.0.0",
      "resolved": "https://registry.npm.taobao.org/@types/istanbul-lib-report/download/@types/istanbul-lib-report-3.0.0.tgz",
      "integrity": "sha1-wUwk8Y6oGQwRjudWK3/5mjZVJoY=",
      "requires": {
        "@types/istanbul-lib-coverage": "*"
      }
    },
    "@types/istanbul-reports": {
      "version": "1.1.1",
      "resolved": "https://registry.npm.taobao.org/@types/istanbul-reports/download/@types/istanbul-reports-1.1.1.tgz",
      "integrity": "sha1-eoy/akBvNsit2HFiWyeOrwsNJVo=",
      "requires": {
        "@types/istanbul-lib-coverage": "*",
        "@types/istanbul-lib-report": "*"
      }
    },
    "@types/prop-types": {
      "version": "15.7.3",
      "resolved": "https://registry.npm.taobao.org/@types/prop-types/download/@types/prop-types-15.7.3.tgz",
      "integrity": "sha1-KrDV2i5YFflLC51LldHl8kOrLKc="
    },
    "@types/react": {
      "version": "16.9.23",
      "resolved": "https://registry.npm.taobao.org/@types/react/download/@types/react-16.9.23.tgz?cache=0&other_urls=https%3A%2F%2Fregistry.npm.taobao.org%2F%40types%2Freact%2Fdownload%2F%40types%2Freact-16.9.23.tgz",
      "integrity": "sha1-GmbG1Gi6EaiUOtlYqMs+c3VoJxw=",
      "requires": {
        "@types/prop-types": "*",
        "csstype": "^2.2.0"
      }
    },
    "@types/react-transition-group": {
      "version": "4.2.4",
      "resolved": "https://registry.npm.taobao.org/@types/react-transition-group/download/@types/react-transition-group-4.2.4.tgz",
      "integrity": "sha1-x0FiJZh8zbcZJidmwUg9qPgmg40=",
      "requires": {
        "@types/react": "*"
      }
    },
    "@types/yargs": {
      "version": "13.0.8",
      "resolved": "https://registry.npm.taobao.org/@types/yargs/download/@types/yargs-13.0.8.tgz",
      "integrity": "sha1-o4wi3vLxwgaPiXGss+pzTrPGSpk=",
      "requires": {
        "@types/yargs-parser": "*"
      }
    },
    "@types/yargs-parser": {
      "version": "15.0.0",
      "resolved": "https://registry.npm.taobao.org/@types/yargs-parser/download/@types/yargs-parser-15.0.0.tgz",
      "integrity": "sha1-yz+fdBhp4gzOMw/765JxWQSDiC0="
    },
    "ansi-regex": {
      "version": "4.1.0",
      "resolved": "https://registry.npm.taobao.org/ansi-regex/download/ansi-regex-4.1.0.tgz",
      "integrity": "sha1-i5+PCM8ay4Q3Vqg5yox+MWjFGZc="
    },
    "ansi-styles": {
      "version": "3.2.1",
      "resolved": "https://registry.npm.taobao.org/ansi-styles/download/ansi-styles-3.2.1.tgz",
      "integrity": "sha1-QfuyAkPlCxK+DwS43tvwdSDOhB0=",
      "requires": {
        "color-convert": "^1.9.0"
      }
    },
    "aria-query": {
      "version": "3.0.0",
      "resolved": "https://registry.npm.taobao.org/aria-query/download/aria-query-3.0.0.tgz",
      "integrity": "sha1-ZbP8wcoRVajJrmTW7uKX8V1RM8w=",
      "requires": {
        "ast-types-flow": "0.0.7",
        "commander": "^2.11.0"
      }
    },
    "asap": {
      "version": "2.0.6",
      "resolved": "https://registry.npm.taobao.org/asap/download/asap-2.0.6.tgz",
      "integrity": "sha1-5QNHYR1+aQlDIIu9r+vLwvuGbUY="
    },
    "ast-types-flow": {
      "version": "0.0.7",
      "resolved": "https://registry.npm.taobao.org/ast-types-flow/download/ast-types-flow-0.0.7.tgz",
      "integrity": "sha1-9wtzXGvKGlycItmCw+Oef+ujva0="
    },
    "attr-accept": {
      "version": "2.1.0",
      "resolved": "https://registry.npm.taobao.org/attr-accept/download/attr-accept-2.1.0.tgz",
      "integrity": "sha1-ojGoVDhdNv96mWR7t3szyKUXWu4="
    },
    "autosuggest-highlight": {
      "version": "3.1.1",
      "resolved": "https://registry.npm.taobao.org/autosuggest-highlight/download/autosuggest-highlight-3.1.1.tgz",
      "integrity": "sha1-cLtPkSX+ioSehfgl97sqGkgGdD0=",
      "requires": {
        "diacritic": "0.0.2"
      }
    },
    "change-emitter": {
      "version": "0.1.6",
      "resolved": "https://registry.npm.taobao.org/change-emitter/download/change-emitter-0.1.6.tgz",
      "integrity": "sha1-6LL+PX8at9aaMhma/5HqaTFAlRU="
    },
    "classnames": {
      "version": "2.2.6",
      "resolved": "https://registry.npm.taobao.org/classnames/download/classnames-2.2.6.tgz",
      "integrity": "sha1-Q5Nb/90pHzJtrQogUwmzjQD2UM4="
    },
    "clsx": {
      "version": "1.1.0",
      "resolved": "https://registry.npm.taobao.org/clsx/download/clsx-1.1.0.tgz",
      "integrity": "sha1-YpN8at/qdxJHw0tU0yD7mWJPVwI="
    },
    "color-convert": {
      "version": "1.9.3",
      "resolved": "https://registry.npm.taobao.org/color-convert/download/color-convert-1.9.3.tgz",
      "integrity": "sha1-u3GFBpDh8TZWfeYp0tVHHe2kweg=",
      "requires": {
        "color-name": "1.1.3"
      }
    },
    "color-name": {
      "version": "1.1.3",
      "resolved": "https://registry.npm.taobao.org/color-name/download/color-name-1.1.3.tgz",
      "integrity": "sha1-p9BVi9icQveV3UIyj3QIMcpTvCU="
    },
    "commander": {
      "version": "2.20.3",
      "resolved": "https://registry.npm.taobao.org/commander/download/commander-2.20.3.tgz",
      "integrity": "sha1-/UhehMA+tIgcIHIrpIA16FMa6zM="
    },
    "compute-scroll-into-view": {
      "version": "1.0.13",
      "resolved": "https://registry.npm.taobao.org/compute-scroll-into-view/download/compute-scroll-into-view-1.0.13.tgz",
      "integrity": "sha1-vhsWY7Dj9WzV93EwglSfVio0d+I="
    },
    "connected-react-router": {
      "version": "6.8.0",
      "resolved": "https://registry.npm.taobao.org/connected-react-router/download/connected-react-router-6.8.0.tgz",
      "integrity": "sha1-3caHsx1JgyJEXSNdZgeYSJ+lbK4=",
      "requires": {
        "prop-types": "^15.7.2"
      }
    },
    "core-js": {
      "version": "1.2.7",
      "resolved": "https://registry.npm.taobao.org/core-js/download/core-js-1.2.7.tgz",
      "integrity": "sha1-ZSKUwUZR2yj6k70tX/KYOk8IxjY="
    },
    "css-mediaquery": {
      "version": "0.1.2",
      "resolved": "https://registry.npm.taobao.org/css-mediaquery/download/css-mediaquery-0.1.2.tgz",
      "integrity": "sha1-aiw3NEkoYYYxxUvTPO3TAdoYvqA="
    },
    "css-vendor": {
      "version": "2.0.7",
      "resolved": "https://registry.npm.taobao.org/css-vendor/download/css-vendor-2.0.7.tgz",
      "integrity": "sha1-Tm1T2VPBh5gVdtalQqzJ+1cXS9o=",
      "requires": {
        "@babel/runtime": "^7.6.2",
        "is-in-browser": "^1.0.2"
      }
    },
    "csstype": {
      "version": "2.6.9",
      "resolved": "https://registry.npm.taobao.org/csstype/download/csstype-2.6.9.tgz",
      "integrity": "sha1-BRQdDNVXpWuIkTlMGRHEDIqY0Jg="
    },
    "date-fns": {
      "version": "1.30.1",
      "resolved": "https://registry.npm.taobao.org/date-fns/download/date-fns-1.30.1.tgz",
      "integrity": "sha1-LnG/CxGRU9u0zE6I2epaz7UNwFw="
    },
    "decode-uri-component": {
      "version": "0.2.0",
      "resolved": "https://registry.npm.taobao.org/decode-uri-component/download/decode-uri-component-0.2.0.tgz",
      "integrity": "sha1-6zkTMzRYd1y4TNGh+uBiEGu4dUU="
    },
    "define-properties": {
      "version": "1.1.3",
      "resolved": "https://registry.npm.taobao.org/define-properties/download/define-properties-1.1.3.tgz",
      "integrity": "sha1-z4jabL7ib+bbcJT2HYcMvYTO6fE=",
      "requires": {
        "object-keys": "^1.0.12"
      }
    },
    "diacritic": {
      "version": "0.0.2",
      "resolved": "https://registry.npm.taobao.org/diacritic/download/diacritic-0.0.2.tgz",
      "integrity": "sha1-/CqIe1pbwKCoVPthTHwvIJBh7gQ="
    },
    "dom-helpers": {
      "version": "5.1.3",
      "resolved": "https://registry.npm.taobao.org/dom-helpers/download/dom-helpers-5.1.3.tgz",
      "integrity": "sha1-cjMkjrOi0fdKr8ox5SxSmcyM6CE=",
      "requires": {
        "@babel/runtime": "^7.6.3",
        "csstype": "^2.6.7"
      }
    },
    "downshift": {
      "version": "3.2.7",
      "resolved": "https://registry.npm.taobao.org/downshift/download/downshift-3.2.7.tgz",
      "integrity": "sha1-DEDXjRy8JHU8emIs/GZN8clIC0o=",
      "requires": {
        "@babel/runtime": "^7.1.2",
        "compute-scroll-into-view": "^1.0.9",
        "prop-types": "^15.6.0",
        "react-is": "^16.5.2"
      }
    },
    "encoding": {
      "version": "0.1.12",
      "resolved": "https://registry.npm.taobao.org/encoding/download/encoding-0.1.12.tgz",
      "integrity": "sha1-U4tm8+5izRq1HsMjgp0flIDHS+s=",
      "requires": {
        "iconv-lite": "~0.4.13"
      }
    },
    "es-abstract": {
      "version": "1.17.4",
      "resolved": "https://registry.npm.taobao.org/es-abstract/download/es-abstract-1.17.4.tgz",
      "integrity": "sha1-467fGXBrIOfCWUw1/A1XYFp54YQ=",
      "requires": {
        "es-to-primitive": "^1.2.1",
        "function-bind": "^1.1.1",
        "has": "^1.0.3",
        "has-symbols": "^1.0.1",
        "is-callable": "^1.1.5",
        "is-regex": "^1.0.5",
        "object-inspect": "^1.7.0",
        "object-keys": "^1.1.1",
        "object.assign": "^4.1.0",
        "string.prototype.trimleft": "^2.1.1",
        "string.prototype.trimright": "^2.1.1"
      }
    },
    "es-to-primitive": {
      "version": "1.2.1",
      "resolved": "https://registry.npm.taobao.org/es-to-primitive/download/es-to-primitive-1.2.1.tgz",
      "integrity": "sha1-5VzUyc3BiLzvsDs2bHNjI/xciYo=",
      "requires": {
        "is-callable": "^1.1.4",
        "is-date-object": "^1.0.1",
        "is-symbol": "^1.0.2"
      }
    },
    "eventemitter3": {
      "version": "3.1.2",
      "resolved": "https://registry.npm.taobao.org/eventemitter3/download/eventemitter3-3.1.2.tgz",
      "integrity": "sha1-LT1I+cNGaY/Og6hdfWZOmFNd9uc="
    },
    "fbjs": {
      "version": "0.8.17",
      "resolved": "https://registry.npm.taobao.org/fbjs/download/fbjs-0.8.17.tgz",
      "integrity": "sha1-xNWY6taUkRJlPWWIsBpc3Nn5D90=",
      "requires": {
        "core-js": "^1.0.0",
        "isomorphic-fetch": "^2.1.1",
        "loose-envify": "^1.0.0",
        "object-assign": "^4.1.0",
        "promise": "^7.1.1",
        "setimmediate": "^1.0.5",
        "ua-parser-js": "^0.7.18"
      }
    },
    "file-selector": {
      "version": "0.1.12",
      "resolved": "https://registry.npm.taobao.org/file-selector/download/file-selector-0.1.12.tgz",
      "integrity": "sha1-/nJlR74hmnh6ncxkBXWgSgMrH9A=",
      "requires": {
        "tslib": "^1.9.0"
      }
    },
    "final-form": {
      "version": "4.18.7",
      "resolved": "https://registry.npm.taobao.org/final-form/download/final-form-4.18.7.tgz",
      "integrity": "sha1-wwI5rJFUy/v09tGegx9fycvBung=",
      "requires": {
        "@babel/runtime": "^7.8.3"
      }
    },
    "final-form-arrays": {
      "version": "3.0.2",
      "resolved": "https://registry.npm.taobao.org/final-form-arrays/download/final-form-arrays-3.0.2.tgz",
      "integrity": "sha1-nzvvd43sYUMjV3ROtvOr735/OEc="
    },
    "for-each": {
      "version": "0.3.3",
      "resolved": "https://registry.npm.taobao.org/for-each/download/for-each-0.3.3.tgz",
      "integrity": "sha1-abRH6IoKXTLD5whPPxcQA0shN24=",
      "requires": {
        "is-callable": "^1.1.3"
      }
    },
    "function-bind": {
      "version": "1.1.1",
      "resolved": "https://registry.npm.taobao.org/function-bind/download/function-bind-1.1.1.tgz",
      "integrity": "sha1-pWiZ0+o8m6uHS7l3O3xe3pL0iV0="
    },
    "gud": {
      "version": "1.0.0",
      "resolved": "https://registry.npm.taobao.org/gud/download/gud-1.0.0.tgz",
      "integrity": "sha1-pIlYGxfmpwvsqavjrlfeekmYUsA="
    },
    "has": {
      "version": "1.0.3",
      "resolved": "https://registry.npm.taobao.org/has/download/has-1.0.3.tgz",
      "integrity": "sha1-ci18v8H2qoJB8W3YFOAR4fQeh5Y=",
      "requires": {
        "function-bind": "^1.1.1"
      }
    },
    "has-symbols": {
      "version": "1.0.1",
      "resolved": "https://registry.npm.taobao.org/has-symbols/download/has-symbols-1.0.1.tgz",
      "integrity": "sha1-n1IUdYpEGWxAbZvXbOv4HsLdMeg="
    },
    "history": {
      "version": "4.10.1",
      "resolved": "https://registry.npm.taobao.org/history/download/history-4.10.1.tgz",
      "integrity": "sha1-MzcaZeOoOyZ0NOKz87G0xYqtTPM=",
      "requires": {
        "@babel/runtime": "^7.1.2",
        "loose-envify": "^1.2.0",
        "resolve-pathname": "^3.0.0",
        "tiny-invariant": "^1.0.2",
        "tiny-warning": "^1.0.0",
        "value-equal": "^1.0.1"
      }
    },
    "hoist-non-react-statics": {
      "version": "3.3.2",
      "resolved": "https://registry.npm.taobao.org/hoist-non-react-statics/download/hoist-non-react-statics-3.3.2.tgz",
      "integrity": "sha1-7OCsr3HWLClpwuxZ/v9CpLGoW0U=",
      "requires": {
        "react-is": "^16.7.0"
      }
    },
    "hyphenate-style-name": {
      "version": "1.0.3",
      "resolved": "https://registry.npm.taobao.org/hyphenate-style-name/download/hyphenate-style-name-1.0.3.tgz",
      "integrity": "sha1-CXu3+guPGpzwvVxzTPlYmZgam0g="
    },
    "iconv-lite": {
      "version": "0.4.24",
      "resolved": "https://registry.npm.taobao.org/iconv-lite/download/iconv-lite-0.4.24.tgz",
      "integrity": "sha1-ICK0sl+93CHS9SSXSkdKr+czkIs=",
      "requires": {
        "safer-buffer": ">= 2.1.2 < 3"
      }
    },
    "inflection": {
      "version": "1.12.0",
      "resolved": "https://registry.npm.taobao.org/inflection/download/inflection-1.12.0.tgz",
      "integrity": "sha1-ogCTVlbW9fa8TcdQLhrstwMihBY="
    },
    "is-callable": {
      "version": "1.1.5",
      "resolved": "https://registry.npm.taobao.org/is-callable/download/is-callable-1.1.5.tgz",
      "integrity": "sha1-9+RrWWiQRW23Tn9ul2yzJz0G+qs="
    },
    "is-date-object": {
      "version": "1.0.2",
      "resolved": "https://registry.npm.taobao.org/is-date-object/download/is-date-object-1.0.2.tgz",
      "integrity": "sha1-vac28s2P0G0yhE53Q7+nSUw7/X4="
    },
    "is-in-browser": {
      "version": "1.1.3",
      "resolved": "https://registry.npm.taobao.org/is-in-browser/download/is-in-browser-1.1.3.tgz",
      "integrity": "sha1-Vv9NtoOgeMYILrldrX3GLh0E+DU="
    },
    "is-regex": {
      "version": "1.0.5",
      "resolved": "https://registry.npm.taobao.org/is-regex/download/is-regex-1.0.5.tgz",
      "integrity": "sha1-OdWJo1i/GJZ/cmlnEguPwa7XTq4=",
      "requires": {
        "has": "^1.0.3"
      }
    },
    "is-stream": {
      "version": "1.1.0",
      "resolved": "https://registry.npm.taobao.org/is-stream/download/is-stream-1.1.0.tgz",
      "integrity": "sha1-EtSj3U5o4Lec6428hBc66A2RykQ="
    },
    "is-symbol": {
      "version": "1.0.3",
      "resolved": "https://registry.npm.taobao.org/is-symbol/download/is-symbol-1.0.3.tgz",
      "integrity": "sha1-OOEBS55jKb4N6dJKQU/XRB7GGTc=",
      "requires": {
        "has-symbols": "^1.0.1"
      }
    },
    "isarray": {
      "version": "0.0.1",
      "resolved": "https://registry.npm.taobao.org/isarray/download/isarray-0.0.1.tgz",
      "integrity": "sha1-ihis/Kmo9Bd+Cav8YDiTmwXR7t8="
    },
    "isomorphic-fetch": {
      "version": "2.2.1",
      "resolved": "https://registry.npm.taobao.org/isomorphic-fetch/download/isomorphic-fetch-2.2.1.tgz",
      "integrity": "sha1-YRrhrPFPXoH3KVB0coGf6XM1WKk=",
      "requires": {
        "node-fetch": "^1.0.1",
        "whatwg-fetch": ">=0.10.0"
      }
    },
    "js-tokens": {
      "version": "4.0.0",
      "resolved": "https://registry.npm.taobao.org/js-tokens/download/js-tokens-4.0.0.tgz",
      "integrity": "sha1-GSA/tZmR35jjoocFDUZHzerzJJk="
    },
    "jsonexport": {
      "version": "2.4.1",
      "resolved": "https://registry.npm.taobao.org/jsonexport/download/jsonexport-2.4.1.tgz",
      "integrity": "sha1-IUiSCHXG4ASdGI5eLaNWp5zKlH4="
    },
    "jss": {
      "version": "10.1.1",
      "resolved": "https://registry.npm.taobao.org/jss/download/jss-10.1.1.tgz",
      "integrity": "sha1-RQsn1Tdhrz5QC0MTClTNvhV+ozI=",
      "requires": {
        "@babel/runtime": "^7.3.1",
        "csstype": "^2.6.5",
        "is-in-browser": "^1.1.3",
        "tiny-warning": "^1.0.2"
      }
    },
    "jss-plugin-camel-case": {
      "version": "10.1.1",
      "resolved": "https://registry.npm.taobao.org/jss-plugin-camel-case/download/jss-plugin-camel-case-10.1.1.tgz",
      "integrity": "sha1-jnPsxPHQ+N/k3TH2+fJ4JYiXDng=",
      "requires": {
        "@babel/runtime": "^7.3.1",
        "hyphenate-style-name": "^1.0.3",
        "jss": "10.1.1"
      }
    },
    "jss-plugin-default-unit": {
      "version": "10.1.1",
      "resolved": "https://registry.npm.taobao.org/jss-plugin-default-unit/download/jss-plugin-default-unit-10.1.1.tgz",
      "integrity": "sha1-LfhgFt/nMIXurYQ/V5TjiQ6cXEc=",
      "requires": {
        "@babel/runtime": "^7.3.1",
        "jss": "10.1.1"
      }
    },
    "jss-plugin-global": {
      "version": "10.1.1",
      "resolved": "https://registry.npm.taobao.org/jss-plugin-global/download/jss-plugin-global-10.1.1.tgz",
      "integrity": "sha1-NrDW2frLdN/ZlZBkNwiokmB0fRQ=",
      "requires": {
        "@babel/runtime": "^7.3.1",
        "jss": "10.1.1"
      }
    },
    "jss-plugin-nested": {
      "version": "10.1.1",
      "resolved": "https://registry.npm.taobao.org/jss-plugin-nested/download/jss-plugin-nested-10.1.1.tgz",
      "integrity": "sha1-XD3iuL2jRN4evO86T9MIcKKaiow=",
      "requires": {
        "@babel/runtime": "^7.3.1",
        "jss": "10.1.1",
        "tiny-warning": "^1.0.2"
      }
    },
    "jss-plugin-props-sort": {
      "version": "10.1.1",
      "resolved": "https://registry.npm.taobao.org/jss-plugin-props-sort/download/jss-plugin-props-sort-10.1.1.tgz",
      "integrity": "sha1-NL3cv6+UMOyMzfknKfA7sQyvF4U=",
      "requires": {
        "@babel/runtime": "^7.3.1",
        "jss": "10.1.1"
      }
    },
    "jss-plugin-rule-value-function": {
      "version": "10.1.1",
      "resolved": "https://registry.npm.taobao.org/jss-plugin-rule-value-function/download/jss-plugin-rule-value-function-10.1.1.tgz",
      "integrity": "sha1-vgDaxvw5Sq3bzvWGC57KYiTZY4I=",
      "requires": {
        "@babel/runtime": "^7.3.1",
        "jss": "10.1.1"
      }
    },
    "jss-plugin-vendor-prefixer": {
      "version": "10.1.1",
      "resolved": "https://registry.npm.taobao.org/jss-plugin-vendor-prefixer/download/jss-plugin-vendor-prefixer-10.1.1.tgz",
      "integrity": "sha1-g0iyB0n3kL7rqztqj3B1sHws/P0=",
      "requires": {
        "@babel/runtime": "^7.3.1",
        "css-vendor": "^2.0.7",
        "jss": "10.1.1"
      }
    },
    "lodash": {
      "version": "4.17.21",
      "resolved": "https://registry.npmjs.org/lodash/-/lodash-4.17.21.tgz",
      "integrity": "sha512-v2kDEe57lecTulaDIuNTPy3Ry4gLGJ6Z1O3vE1krgXZNrsQ+LFTGHVxVjcXPs17LhbZVGedAJv8XZ1tvj5FvSg=="
    },
    "loose-envify": {
      "version": "1.4.0",
      "resolved": "https://registry.npm.taobao.org/loose-envify/download/loose-envify-1.4.0.tgz",
      "integrity": "sha1-ce5R+nvkyuwaY4OffmgtgTLTDK8=",
      "requires": {
        "js-tokens": "^3.0.0 || ^4.0.0"
      }
    },
    "mini-create-react-context": {
      "version": "0.3.2",
      "resolved": "https://registry.npm.taobao.org/mini-create-react-context/download/mini-create-react-context-0.3.2.tgz?cache=0&other_urls=https%3A%2F%2Fregistry.npm.taobao.org%2Fmini-create-react-context%2Fdownload%2Fmini-create-react-context-0.3.2.tgz",
      "integrity": "sha1-efxZjyg91iPajgiLBduM3aslAYk=",
      "requires": {
        "@babel/runtime": "^7.4.0",
        "gud": "^1.0.0",
        "tiny-warning": "^1.0.2"
      }
    },
    "node-fetch": {
      "version": "1.7.3",
      "resolved": "https://registry.npm.taobao.org/node-fetch/download/node-fetch-1.7.3.tgz?cache=0&sync_timestamp=1584166709976&other_urls=https%3A%2F%2Fregistry.npm.taobao.org%2Fnode-fetch%2Fdownload%2Fnode-fetch-1.7.3.tgz",
      "integrity": "sha1-mA9vcthSEaU0fGsrwYxbhMPrR+8=",
      "requires": {
        "encoding": "^0.1.11",
        "is-stream": "^1.0.1"
      }
    },
    "node-polyglot": {
      "version": "2.4.0",
      "resolved": "https://registry.npm.taobao.org/node-polyglot/download/node-polyglot-2.4.0.tgz",
      "integrity": "sha1-DScX7QZkDZ/0iirr6NE+Oe8DUY8=",
      "requires": {
        "for-each": "^0.3.3",
        "has": "^1.0.3",
        "string.prototype.trim": "^1.1.2",
        "warning": "^4.0.3"
      }
    },
    "object-assign": {
      "version": "4.1.1",
      "resolved": "https://registry.npm.taobao.org/object-assign/download/object-assign-4.1.1.tgz?cache=0&other_urls=https%3A%2F%2Fregistry.npm.taobao.org%2Fobject-assign%2Fdownload%2Fobject-assign-4.1.1.tgz",
      "integrity": "sha1-IQmtx5ZYh8/AXLvUQsrIv7s2CGM="
    },
    "object-inspect": {
      "version": "1.7.0",
      "resolved": "https://registry.npm.taobao.org/object-inspect/download/object-inspect-1.7.0.tgz",
      "integrity": "sha1-9Pa9GBrXfwBrXs5gvQtvOY/3Smc="
    },
    "object-keys": {
      "version": "1.1.1",
      "resolved": "https://registry.npm.taobao.org/object-keys/download/object-keys-1.1.1.tgz",
      "integrity": "sha1-HEfyct8nfzsdrwYWd9nILiMixg4="
    },
    "object.assign": {
      "version": "4.1.0",
      "resolved": "https://registry.npm.taobao.org/object.assign/download/object.assign-4.1.0.tgz",
      "integrity": "sha1-lovxEA15Vrs8oIbwBvhGs7xACNo=",
      "requires": {
        "define-properties": "^1.1.2",
        "function-bind": "^1.1.1",
        "has-symbols": "^1.0.0",
        "object-keys": "^1.0.11"
      }
    },
    "path-to-regexp": {
      "version": "1.8.0",
      "resolved": "https://registry.npm.taobao.org/path-to-regexp/download/path-to-regexp-1.8.0.tgz",
      "integrity": "sha1-iHs7qdhDk+h6CgufTLdWGYtTVIo=",
      "requires": {
        "isarray": "0.0.1"
      }
    },
    "popper.js": {
      "version": "1.16.1",
      "resolved": "https://registry.npm.taobao.org/popper.js/download/popper.js-1.16.1.tgz",
      "integrity": "sha1-KiI8s9x7YhPXQOQDcr5A3kPmWxs="
    },
    "pretty-format": {
      "version": "24.9.0",
      "resolved": "https://registry.npm.taobao.org/pretty-format/download/pretty-format-24.9.0.tgz",
      "integrity": "sha1-EvrDGzcBmk7qPBGqmpWet2KKp8k=",
      "requires": {
        "@jest/types": "^24.9.0",
        "ansi-regex": "^4.0.0",
        "ansi-styles": "^3.2.0",
        "react-is": "^16.8.4"
      }
    },
    "promise": {
      "version": "7.3.1",
      "resolved": "https://registry.npm.taobao.org/promise/download/promise-7.3.1.tgz",
      "integrity": "sha1-BktyYCsY+Q8pGSuLG8QY/9Hr078=",
      "requires": {
        "asap": "~2.0.3"
      }
    },
    "prop-types": {
      "version": "15.7.2",
      "resolved": "https://registry.npm.taobao.org/prop-types/download/prop-types-15.7.2.tgz",
      "integrity": "sha1-UsQedbjIfnK52TYOAga5ncv/psU=",
      "requires": {
        "loose-envify": "^1.4.0",
        "object-assign": "^4.1.1",
        "react-is": "^16.8.1"
      }
    },
    "qs": {
      "version": "6.9.1",
      "resolved": "https://registry.npm.taobao.org/qs/download/qs-6.9.1.tgz",
      "integrity": "sha1-IAgsZct4IjY1qxqerKiHWim/jsk="
    },
    "query-string": {
      "version": "5.1.1",
      "resolved": "https://registry.npm.taobao.org/query-string/download/query-string-5.1.1.tgz",
      "integrity": "sha1-p4wBK3HBfgXy4/ojGd0zBoLvs8s=",
      "requires": {
        "decode-uri-component": "^0.2.0",
        "object-assign": "^4.1.0",
        "strict-uri-encode": "^1.0.0"
      }
    },
    "ra-core": {
      "version": "3.3.1",
      "resolved": "https://registry.npm.taobao.org/ra-core/download/ra-core-3.3.1.tgz",
      "integrity": "sha1-na21OWD2aHqvSf3dCShSPTRZEHM=",
      "requires": {
        "@testing-library/react": "^8.0.7",
        "classnames": "~2.2.5",
        "date-fns": "^1.29.0",
        "eventemitter3": "^3.0.0",
        "inflection": "~1.12.0",
        "lodash": "~4.17.5",
        "prop-types": "^15.6.1",
        "query-string": "^5.1.1",
        "recompose": "~0.26.0",
        "reselect": "~3.0.0"
      }
    },
    "ra-i18n-polyglot": {
      "version": "3.3.1",
      "resolved": "https://registry.npm.taobao.org/ra-i18n-polyglot/download/ra-i18n-polyglot-3.3.1.tgz",
      "integrity": "sha1-Lta/+yrJqEmmEnHpFgy+ADmZyqM=",
      "requires": {
        "node-polyglot": "^2.2.2",
        "ra-core": "^3.3.1"
      }
    },
    "ra-language-english": {
      "version": "3.2.0",
      "resolved": "https://registry.npm.taobao.org/ra-language-english/download/ra-language-english-3.2.0.tgz",
      "integrity": "sha1-LKE7dn2DS0P+/RKPSORSRJ+BK2E="
    },
    "ra-ui-materialui": {
      "version": "3.3.1",
      "resolved": "https://registry.npm.taobao.org/ra-ui-materialui/download/ra-ui-materialui-3.3.1.tgz",
      "integrity": "sha1-6I6nPt3vKTV+/zoKQ8vGOfEe6JI=",
      "requires": {
        "autosuggest-highlight": "^3.1.1",
        "classnames": "~2.2.5",
        "connected-react-router": "^6.5.2",
        "css-mediaquery": "^0.1.2",
        "downshift": "3.2.7",
        "inflection": "~1.12.0",
        "jsonexport": "^2.4.1",
        "lodash": "~4.17.5",
        "prop-types": "^15.7.0",
        "query-string": "^5.1.1",
        "react-dropzone": "^10.1.7",
        "react-transition-group": "^2.2.1",
        "recompose": "~0.26.0"
      },
      "dependencies": {
        "dom-helpers": {
          "version": "3.4.0",
          "resolved": "https://registry.npm.taobao.org/dom-helpers/download/dom-helpers-3.4.0.tgz",
          "integrity": "sha1-6bNpcA+Vn2Ls3lprq95LzNkWmvg=",
          "requires": {
            "@babel/runtime": "^7.1.2"
          }
        },
        "react-transition-group": {
          "version": "2.9.0",
          "resolved": "https://registry.npm.taobao.org/react-transition-group/download/react-transition-group-2.9.0.tgz",
          "integrity": "sha1-35zbAleWIRFRpDbGmo87l7WwfI0=",
          "requires": {
            "dom-helpers": "^3.4.0",
            "loose-envify": "^1.4.0",
            "prop-types": "^15.6.2",
            "react-lifecycles-compat": "^3.0.4"
          }
        }
      }
    },
    "react-admin": {
      "version": "3.3.1",
      "resolved": "https://registry.npm.taobao.org/react-admin/download/react-admin-3.3.1.tgz",
      "integrity": "sha1-ivH/7b8HuXvffy4lbkTKHJ1+u3E=",
      "requires": {
        "@material-ui/core": "^4.3.3",
        "@material-ui/icons": "^4.2.1",
        "@material-ui/styles": "^4.3.3",
        "connected-react-router": "^6.5.2",
        "final-form": "^4.18.5",
        "final-form-arrays": "^3.0.1",
        "ra-core": "^3.3.1",
        "ra-i18n-polyglot": "^3.3.1",
        "ra-language-english": "^3.2.0",
        "ra-ui-materialui": "^3.3.1",
        "react-final-form": "^6.3.3",
        "react-final-form-arrays": "^3.1.1",
        "react-redux": "^7.1.0",
        "react-router": "^5.1.0",
        "react-router-dom": "^5.1.0",
        "redux": "^3.7.2 || ^4.0.3",
        "redux-saga": "^1.0.0"
      }
    },
    "react-dropzone": {
      "version": "10.2.1",
      "resolved": "https://registry.npm.taobao.org/react-dropzone/download/react-dropzone-10.2.1.tgz",
      "integrity": "sha1-t1IBJMSjtm+W1J94eQJ8ekdeqiA=",
      "requires": {
        "attr-accept": "^2.0.0",
        "file-selector": "^0.1.12",
        "prop-types": "^15.7.2"
      }
    },
    "react-final-form": {
      "version": "6.3.4",
      "resolved": "https://registry.npm.taobao.org/react-final-form/download/react-final-form-6.3.4.tgz",
      "integrity": "sha1-+TIpBro8NyLoAEEAqt1GDc2gGGk=",
      "requires": {
        "@babel/runtime": "^7.4.5",
        "ts-essentials": "^3.0.2"
      }
    },
    "react-final-form-arrays": {
      "version": "3.1.1",
      "resolved": "https://registry.npm.taobao.org/react-final-form-arrays/download/react-final-form-arrays-3.1.1.tgz",
      "integrity": "sha1-OdI+ft6WbkGMrSCej95G2h1gPpk=",
      "requires": {
        "@babel/runtime": "^7.4.5"
      }
    },
    "react-is": {
      "version": "16.13.0",
      "resolved": "https://registry.npm.taobao.org/react-is/download/react-is-16.13.0.tgz?cache=0&sync_timestamp=1584494321862&other_urls=https%3A%2F%2Fregistry.npm.taobao.org%2Freact-is%2Fdownload%2Freact-is-16.13.0.tgz",
      "integrity": "sha1-DzfDYTw0/ms3zX92Og1ik6sVxSc="
    },
    "react-lifecycles-compat": {
      "version": "3.0.4",
      "resolved": "https://registry.npm.taobao.org/react-lifecycles-compat/download/react-lifecycles-compat-3.0.4.tgz",
      "integrity": "sha1-TxonOv38jzSIqMUWv9p4+HI1I2I="
    },
    "react-redux": {
      "version": "7.2.0",
      "resolved": "https://registry.npm.taobao.org/react-redux/download/react-redux-7.2.0.tgz",
      "integrity": "sha1-+XD2IZKzmBZC/sRv0NsYoHT+h50=",
      "requires": {
        "@babel/runtime": "^7.5.5",
        "hoist-non-react-statics": "^3.3.0",
        "loose-envify": "^1.4.0",
        "prop-types": "^15.7.2",
        "react-is": "^16.9.0"
      }
    },
    "react-router": {
      "version": "5.1.2",
      "resolved": "https://registry.npm.taobao.org/react-router/download/react-router-5.1.2.tgz?cache=0&sync_timestamp=1583338549144&other_urls=https%3A%2F%2Fregistry.npm.taobao.org%2Freact-router%2Fdownload%2Freact-router-5.1.2.tgz",
      "integrity": "sha1-bqUdeJyzamvhul98DUjdnoF9NBg=",
      "requires": {
        "@babel/runtime": "^7.1.2",
        "history": "^4.9.0",
        "hoist-non-react-statics": "^3.1.0",
        "loose-envify": "^1.3.1",
        "mini-create-react-context": "^0.3.0",
        "path-to-regexp": "^1.7.0",
        "prop-types": "^15.6.2",
        "react-is": "^16.6.0",
        "tiny-invariant": "^1.0.2",
        "tiny-warning": "^1.0.0"
      }
    },
    "react-router-dom": {
      "version": "5.1.2",
      "resolved": "https://registry.npm.taobao.org/react-router-dom/download/react-router-dom-5.1.2.tgz",
      "integrity": "sha1-BnAbg0NS9E03+7YxH4cPhMdrnBg=",
      "requires": {
        "@babel/runtime": "^7.1.2",
        "history": "^4.9.0",
        "loose-envify": "^1.3.1",
        "prop-types": "^15.6.2",
        "react-router": "5.1.2",
        "tiny-invariant": "^1.0.2",
        "tiny-warning": "^1.0.0"
      }
    },
    "react-transition-group": {
      "version": "4.3.0",
      "resolved": "https://registry.npm.taobao.org/react-transition-group/download/react-transition-group-4.3.0.tgz",
      "integrity": "sha1-/qgy44bPh5bFi2GHSjMZcE9c5oM=",
      "requires": {
        "@babel/runtime": "^7.5.5",
        "dom-helpers": "^5.0.1",
        "loose-envify": "^1.4.0",
        "prop-types": "^15.6.2"
      }
    },
    "recompose": {
      "version": "0.26.0",
      "resolved": "https://registry.npm.taobao.org/recompose/download/recompose-0.26.0.tgz",
      "integrity": "sha1-m6v/A5y3K6W9FzZtVdcjL737LTA=",
      "requires": {
        "change-emitter": "^0.1.2",
        "fbjs": "^0.8.1",
        "hoist-non-react-statics": "^2.3.1",
        "symbol-observable": "^1.0.4"
      },
      "dependencies": {
        "hoist-non-react-statics": {
          "version": "2.5.5",
          "resolved": "https://registry.npm.taobao.org/hoist-non-react-statics/download/hoist-non-react-statics-2.5.5.tgz",
          "integrity": "sha1-xZA89AnA39kI84jmGdhrnBF0y0c="
        }
      }
    },
    "redux": {
      "version": "4.0.5",
      "resolved": "https://registry.npm.taobao.org/redux/download/redux-4.0.5.tgz",
      "integrity": "sha1-TbXeWBbheJHeioDEJCMtBvBR2T8=",
      "requires": {
        "loose-envify": "^1.4.0",
        "symbol-observable": "^1.2.0"
      }
    },
    "redux-saga": {
      "version": "1.1.3",
      "resolved": "https://registry.npm.taobao.org/redux-saga/download/redux-saga-1.1.3.tgz",
      "integrity": "sha1-nz5q69PJlLvA9pAaYl+aQrUdERI=",
      "requires": {
        "@redux-saga/core": "^1.1.3"
      }
    },
    "regenerator-runtime": {
      "version": "0.13.5",
      "resolved": "https://registry.npm.taobao.org/regenerator-runtime/download/regenerator-runtime-0.13.5.tgz",
      "integrity": "sha1-2Hih0JS0MG0QuQlkhLM+vVXiZpc="
    },
    "reselect": {
      "version": "3.0.1",
      "resolved": "https://registry.npm.taobao.org/reselect/download/reselect-3.0.1.tgz",
      "integrity": "sha1-79qpjqdFEyTQkrKyFjpqHXqaIUc="
    },
    "resolve-pathname": {
      "version": "3.0.0",
      "resolved": "https://registry.npm.taobao.org/resolve-pathname/download/resolve-pathname-3.0.0.tgz",
      "integrity": "sha1-mdAiJNPPJjaJvsuzk7xWAxMCXc0="
    },
    "safer-buffer": {
      "version": "2.1.2",
      "resolved": "https://registry.npm.taobao.org/safer-buffer/download/safer-buffer-2.1.2.tgz",
      "integrity": "sha1-RPoWGwGHuVSd2Eu5GAL5vYOFzWo="
    },
    "setimmediate": {
      "version": "1.0.5",
      "resolved": "https://registry.npm.taobao.org/setimmediate/download/setimmediate-1.0.5.tgz",
      "integrity": "sha1-KQy7Iy4waULX1+qbg3Mqt4VvgoU="
    },
    "strict-uri-encode": {
      "version": "1.1.0",
      "resolved": "https://registry.npm.taobao.org/strict-uri-encode/download/strict-uri-encode-1.1.0.tgz",
      "integrity": "sha1-J5siXfHVgrH1TmWt3UNS4Y+qBxM="
    },
    "string.prototype.trim": {
      "version": "1.2.1",
      "resolved": "https://registry.npm.taobao.org/string.prototype.trim/download/string.prototype.trim-1.2.1.tgz",
      "integrity": "sha1-FBIz3/Msgr+tgGhNfl8Iae4Pt4I=",
      "requires": {
        "define-properties": "^1.1.3",
        "es-abstract": "^1.17.0-next.1",
        "function-bind": "^1.1.1"
      }
    },
    "string.prototype.trimleft": {
      "version": "2.1.1",
      "resolved": "https://registry.npm.taobao.org/string.prototype.trimleft/download/string.prototype.trimleft-2.1.1.tgz",
      "integrity": "sha1-m9uKxqvW1gKxek7TIYcNL43O/HQ=",
      "requires": {
        "define-properties": "^1.1.3",
        "function-bind": "^1.1.1"
      }
    },
    "string.prototype.trimright": {
      "version": "2.1.1",
      "resolved": "https://registry.npm.taobao.org/string.prototype.trimright/download/string.prototype.trimright-2.1.1.tgz",
      "integrity": "sha1-RAMUsVmWyGbOigNBiU1FGGIAxdk=",
      "requires": {
        "define-properties": "^1.1.3",
        "function-bind": "^1.1.1"
      }
    },
    "symbol-observable": {
      "version": "1.2.0",
      "resolved": "https://registry.npm.taobao.org/symbol-observable/download/symbol-observable-1.2.0.tgz",
      "integrity": "sha1-wiaIrtTqs83C3+rLtWFmBWCgCAQ="
    },
    "tiny-invariant": {
      "version": "1.1.0",
      "resolved": "https://registry.npm.taobao.org/tiny-invariant/download/tiny-invariant-1.1.0.tgz",
      "integrity": "sha1-Y0xfjv3CdxS384bDXmdgmR0jCHU="
    },
    "tiny-warning": {
      "version": "1.0.3",
      "resolved": "https://registry.npm.taobao.org/tiny-warning/download/tiny-warning-1.0.3.tgz",
      "integrity": "sha1-lKMNtFPfTGQ9D9VmBg1gqHXYR1Q="
    },
    "ts-essentials": {
      "version": "3.0.5",
      "resolved": "https://registry.npm.taobao.org/ts-essentials/download/ts-essentials-3.0.5.tgz",
      "integrity": "sha1-NKRfnys4F+1nVqSodqBUOhztwSo="
    },
    "tslib": {
      "version": "1.11.1",
      "resolved": "https://registry.npm.taobao.org/tslib/download/tslib-1.11.1.tgz?cache=0&other_urls=https%3A%2F%2Fregistry.npm.taobao.org%2Ftslib%2Fdownload%2Ftslib-1.11.1.tgz",
      "integrity": "sha1-6xXRKIJ/vuKEFUnhcfRe0zisfjU="
    },
    "typescript-compare": {
      "version": "0.0.2",
      "resolved": "https://registry.npm.taobao.org/typescript-compare/download/typescript-compare-0.0.2.tgz",
      "integrity": "sha1-fuQKQApAbC6gp+VR79MwkCHV9CU=",
      "requires": {
        "typescript-logic": "^0.0.0"
      }
    },
    "typescript-logic": {
      "version": "0.0.0",
      "resolved": "https://registry.npm.taobao.org/typescript-logic/download/typescript-logic-0.0.0.tgz",
      "integrity": "sha1-ZuvYKiVI8rREpDZnvsEgtJaJAZY="
    },
    "typescript-tuple": {
      "version": "2.2.1",
      "resolved": "https://registry.npm.taobao.org/typescript-tuple/download/typescript-tuple-2.2.1.tgz",
      "integrity": "sha1-fZgT+0s1X2msVQMuA2Pouw8E2tI=",
      "requires": {
        "typescript-compare": "^0.0.2"
      }
    },
    "ua-parser-js": {
      "version": "0.7.21",
      "resolved": "https://registry.npm.taobao.org/ua-parser-js/download/ua-parser-js-0.7.21.tgz",
      "integrity": "sha1-hTz5zpP2QvZxdCc8w0Vlrm8wh3c="
    },
    "value-equal": {
      "version": "1.0.1",
      "resolved": "https://registry.npm.taobao.org/value-equal/download/value-equal-1.0.1.tgz",
      "integrity": "sha1-Hgt5THNMXAyt4XnEN9NW2TGjTWw="
    },
    "wait-for-expect": {
      "version": "1.3.0",
      "resolved": "https://registry.npm.taobao.org/wait-for-expect/download/wait-for-expect-1.3.0.tgz",
      "integrity": "sha1-ZSQc41VCX5B/XRJ7215yxBL/gww="
    },
    "warning": {
      "version": "4.0.3",
      "resolved": "https://registry.npm.taobao.org/warning/download/warning-4.0.3.tgz",
      "integrity": "sha1-Fungd+uKhtavfWSqHgX9hbRnjKM=",
      "requires": {
        "loose-envify": "^1.0.0"
      }
    },
    "whatwg-fetch": {
      "version": "3.0.0",
      "resolved": "https://registry.npm.taobao.org/whatwg-fetch/download/whatwg-fetch-3.0.0.tgz",
      "integrity": "sha1-/IBORYzEYACbGiuWa8iBfSV4rvs="
    }
  }
}
